
Microsoft Visual Studio Solution File, Format Version 12.00
# Visual Studio 15
VisualStudioVersion = 15.0.28010.2046
MinimumVisualStudioVersion = 10.0.40219.1
Project("{FAE04EC0-301F-11D3-BF4B-00C04F79EFBC}") = "App", "App\App.csproj", "{BD073158-28E5-47B3-BF3A-C61A30982651}"
EndProject
Project("{FAE04EC0-301F-11D3-BF4B-00C04F79EFBC}") = "Messengers", "Messengers\Messengers.csproj", "{BDAE767A-2B27-4474-9253-6B196D8EC273}"
EndProject
Project("{FAE04EC0-301F-11D3-BF4B-00C04F79EFBC}") = "Common", "Common\Common.csproj", "{C36939E9-ADC7-4A2F-A7A7-96C5179D8DF8}"
EndProject
Global
	GlobalSection(SolutionConfigurationPlatforms) = preSolution
		Debug|Any CPU = Debug|Any CPU
		Release|Any CPU = Release|Any CPU
	EndGlobalSection
	GlobalSection(ProjectConfigurationPlatforms) = postSolution
		{BD073158-28E5-47B3-BF3A-C61A30982651}.Debug|Any CPU.ActiveCfg = Debug|Any CPU
		{BD073158-28E5-47B3-BF3A-C61A30982651}.Debug|Any CPU.Build.0 = Debug|Any CPU
		{BD073158-28E5-47B3-BF3A-C61A30982651}.Release|Any CPU.ActiveCfg = Release|Any CPU
		{BD073158-28E5-47B3-BF3A-C61A30982651}.Release|Any CPU.Build.0 = Release|Any CPU
		{BDAE767A-2B27-4474-9253-6B196D8EC273}.Debug|Any CPU.ActiveCfg = Debug|Any CPU
		{BDAE767A-2B27-4474-9253-6B196D8EC273}.Debug|Any CPU.Build.0 = Debug|Any CPU
		{BDAE767A-2B27-4474-9253-6B196D8EC273}.Release|Any CPU.ActiveCfg = Release|Any CPU
		{BDAE767A-2B27-4474-9253-6B196D8EC273}.Release|Any CPU.Build.0 = Release|Any CPU
		{C36939E9-ADC7-4A2F-A7A7-96C5179D8DF8}.Debug|Any CPU.ActiveCfg = Debug|Any CPU
		{C36939E9-ADC7-4A2F-A7A7-96C5179D8DF8}.Debug|Any CPU.Build.0 = Debug|Any CPU
		{C36939E9-ADC7-4A2F-A7A7-96C5179D8DF8}.Release|Any CPU.ActiveCfg = Release|Any CPU
		{C36939E9-ADC7-4A2F-A7A7-96C5179D8DF8}.Release|Any CPU.Build.0 = Release|Any CPU
	EndGlobalSection
	GlobalSection(SolutionProperties) = preSolution
		HideSolutionNode = FALSE
	EndGlobalSection
	GlobalSection(ExtensibilityGlobals) = postSolution
		SolutionGuid = {75644B75-7753-4ACA-B449-A1BA5DD5E626}
	EndGlobalSection
EndGlobal
